// !$*UTF8*$!
{
	archiveVersion = 1;
	classes = {
	};
	objectVersion = 56;
	objects = {

/* Begin PBXBuildFile section */
		A1000001000000000000F001 /* AppDelegate.swift in Sources */ = {isa = PBXBuildFile; fileRef = A1000002000000000000F001 /* AppDelegate.swift */; };
		A1000001000000000000F002 /* WKWebViewShellController.swift in Sources */ = {isa = PBXBuildFile; fileRef = A1000002000000000000F002 /* WKWebViewShellController.swift */; };
		A1000001000000000000F003 /* WKWebViewBackend.swift in Sources */ = {isa = PBXBuildFile; fileRef = A1000002000000000000F003 /* WKWebViewBackend.swift */; };
		A1000001000000000000F006 /* ShellVerify.swift in Sources */ = {isa = PBXBuildFile; fileRef = A1000002000000000000F006 /* ShellVerify.swift */; };
		A1000001000000000000FT01 /* ProofTestSupport.swift in Sources */ = {isa = PBXBuildFile; fileRef = A1000002000000000000FT01 /* ProofTestSupport.swift */; };
		A1000001000000000000FT02 /* EmbeddingProofTests.swift in Sources */ = {isa = PBXBuildFile; fileRef = A1000002000000000000FT02 /* EmbeddingProofTests.swift */; };
		A1000001000000000000FT03 /* BridgeProofTests.swift in Sources */ = {isa = PBXBuildFile; fileRef = A1000002000000000000FT03 /* BridgeProofTests.swift */; };
		A1000001000000000000FT04 /* SchemeProofTests.swift in Sources */ = {isa = PBXBuildFile; fileRef = A1000002000000000000FT04 /* SchemeProofTests.swift */; };
/* End PBXBuildFile section */

/* Begin PBXFileReference section */
		A1000002000000000000F001 /* AppDelegate.swift */ = {isa = PBXFileReference; lastKnownFileType = sourcecode.swift; path = AppDelegate.swift; sourceTree = "<group>"; };
		A1000002000000000000F002 /* WKWebViewShellController.swift */ = {isa = PBXFileReference; lastKnownFileType = sourcecode.swift; path = WKWebViewShellController.swift; sourceTree = "<group>"; };
		A1000002000000000000F003 /* WKWebViewBackend.swift */ = {isa = PBXFileReference; lastKnownFileType = sourcecode.swift; path = WKWebViewBackend.swift; sourceTree = "<group>"; };
		A1000002000000000000F006 /* ShellVerify.swift */ = {isa = PBXFileReference; lastKnownFileType = sourcecode.swift; path = ShellVerify.swift; sourceTree = "<group>"; };
		A1000002000000000000F004 /* wezig_mobile.h */ = {isa = PBXFileReference; lastKnownFileType = sourcecode.c.h; name = wezig_mobile.h; path = ../Sources/wezig_mobile.h; sourceTree = "<group>"; };
		A1000002000000000000F005 /* Info.plist */ = {isa = PBXFileReference; lastKnownFileType = text.plist.xml; path = Info.plist; sourceTree = "<group>"; };
		A1000002000000000000F0AP /* WezigShell.app */ = {isa = PBXFileReference; explicitFileType = wrapper.application; includeInIndex = 0; path = WezigShell.app; sourceTree = BUILT_PRODUCTS_DIR; };
		A1000002000000000000FT01 /* ProofTestSupport.swift */ = {isa = PBXFileReference; lastKnownFileType = sourcecode.swift; path = ProofTestSupport.swift; sourceTree = "<group>"; };
		A1000002000000000000FT02 /* EmbeddingProofTests.swift */ = {isa = PBXFileReference; lastKnownFileType = sourcecode.swift; path = EmbeddingProofTests.swift; sourceTree = "<group>"; };
		A1000002000000000000FT03 /* BridgeProofTests.swift */ = {isa = PBXFileReference; lastKnownFileType = sourcecode.swift; path = BridgeProofTests.swift; sourceTree = "<group>"; };
		A1000002000000000000FT04 /* SchemeProofTests.swift */ = {isa = PBXFileReference; lastKnownFileType = sourcecode.swift; path = SchemeProofTests.swift; sourceTree = "<group>"; };
		A1000002000000000000FT05 /* Info.plist */ = {isa = PBXFileReference; lastKnownFileType = text.plist.xml; path = Info.plist; sourceTree = "<group>"; };
		A1000002000000000000FTAP /* WezigShellTests.xctest */ = {isa = PBXFileReference; explicitFileType = wrapper.cfbundle; includeInIndex = 0; path = WezigShellTests.xctest; sourceTree = BUILT_PRODUCTS_DIR; };
/* End PBXFileReference section */

/* Begin PBXFrameworksBuildPhase section */
		A1000005000000000000F001 /* Frameworks */ = {
			isa = PBXFrameworksBuildPhase;
			buildActionMask = 2147483647;
			files = (
			);
			runOnlyForDeploymentPostprocessing = 0;
		};
		A1000005000000000000FT01 /* Frameworks */ = {
			isa = PBXFrameworksBuildPhase;
			buildActionMask = 2147483647;
			files = (
			);
			runOnlyForDeploymentPostprocessing = 0;
		};
/* End PBXFrameworksBuildPhase section */

/* Begin PBXGroup section */
		A1000006000000000000F001 = {
			isa = PBXGroup;
			children = (
				A1000006000000000000F002 /* Sources */,
				A1000006000000000000FT01 /* Tests */,
				A1000002000000000000F005 /* Info.plist */,
				A1000006000000000000F0PR /* Products */,
			);
			sourceTree = "<group>";
		};
		A1000006000000000000FT01 /* Tests */ = {
			isa = PBXGroup;
			children = (
				A1000002000000000000FT01 /* ProofTestSupport.swift */,
				A1000002000000000000FT02 /* EmbeddingProofTests.swift */,
				A1000002000000000000FT03 /* BridgeProofTests.swift */,
				A1000002000000000000FT04 /* SchemeProofTests.swift */,
				A1000002000000000000FT05 /* Info.plist */,
			);
			path = Tests;
			sourceTree = "<group>";
		};
		A1000006000000000000F002 /* Sources */ = {
			isa = PBXGroup;
			children = (
				A1000002000000000000F001 /* AppDelegate.swift */,
				A1000002000000000000F002 /* WKWebViewShellController.swift */,
				A1000002000000000000F003 /* WKWebViewBackend.swift */,
				A1000002000000000000F006 /* ShellVerify.swift */,
				A1000002000000000000F004 /* wezig_mobile.h */,
			);
			path = Sources;
			sourceTree = "<group>";
		};
		A1000006000000000000F0PR /* Products */ = {
			isa = PBXGroup;
			children = (
				A1000002000000000000F0AP /* WezigShell.app */,
				A1000002000000000000FTAP /* WezigShellTests.xctest */,
			);
			name = Products;
			sourceTree = "<group>";
		};
/* End PBXGroup section */

/* Begin PBXNativeTarget section */
		A1000007000000000000F001 /* WezigShell */ = {
			isa = PBXNativeTarget;
			buildConfigurationList = A100000A000000000000F001 /* Build configuration list for PBXNativeTarget "WezigShell" */;
			buildPhases = (
				A1000008000000000000F0ZG /* Build Zig static lib */,
				A1000008000000000000F001 /* Sources */,
				A1000005000000000000F001 /* Frameworks */,
			);
			buildRules = (
			);
			dependencies = (
			);
			name = WezigShell;
			productName = WezigShell;
			productReference = A1000002000000000000F0AP /* WezigShell.app */;
			productType = "com.apple.product-type.application";
		};
		A1000007000000000000FT01 /* WezigShellTests */ = {
			isa = PBXNativeTarget;
			buildConfigurationList = A100000A000000000000FT01 /* Build configuration list for PBXNativeTarget "WezigShellTests" */;
			buildPhases = (
				A1000008000000000000FT01 /* Sources */,
				A1000005000000000000FT01 /* Frameworks */,
			);
			buildRules = (
			);
			dependencies = (
				A100000E000000000000FT01 /* PBXTargetDependency */,
			);
			name = WezigShellTests;
			productName = WezigShellTests;
			productReference = A1000002000000000000FTAP /* WezigShellTests.xctest */;
			productType = "com.apple.product-type.bundle.unit-test";
		};
/* End PBXNativeTarget section */

/* Begin PBXProject section */
		A1000009000000000000F001 /* Project object */ = {
			isa = PBXProject;
			attributes = {
				BuildIndependentTargetsInParallel = 1;
				LastSwiftUpdateCheck = 1540;
				LastUpgradeCheck = 1540;
				TargetAttributes = {
					A1000007000000000000F001 = {
						CreatedOnToolsVersion = 15.4;
					};
					A1000007000000000000FT01 = {
						CreatedOnToolsVersion = 15.4;
						TestTargetID = A1000007000000000000F001;
					};
				};
			};
			buildConfigurationList = A100000B000000000000F001 /* Build configuration list for PBXProject "WezigShell" */;
			compatibilityVersion = "Xcode 14.0";
			developmentRegion = en;
			hasScannedForEncodings = 0;
			knownRegions = (
				en,
				Base,
			);
			mainGroup = A1000006000000000000F001;
			productRefGroup = A1000006000000000000F0PR /* Products */;
			projectDirPath = "";
			projectRoot = "";
			targets = (
				A1000007000000000000F001 /* WezigShell */,
				A1000007000000000000FT01 /* WezigShellTests */,
			);
		};
/* End PBXProject section */

/* Begin PBXShellScriptBuildPhase section */
		A1000008000000000000F0ZG /* Build Zig static lib */ = {
			isa = PBXShellScriptBuildPhase;
			alwaysOutOfDate = 1;
			buildActionMask = 2147483647;
			files = (
			);
			inputFileListPaths = (
			);
			inputPaths = (
			);
			name = "Build Zig static lib";
			outputFileListPaths = (
			);
			outputPaths = (
				"$(SRCROOT)/../../../zig-out/lib/libwezig_mobile.a",
			);
			runOnlyForDeploymentPostprocessing = 0;
			shellPath = /bin/bash;
			shellScript = "\"$SRCROOT/build-zig-lib.sh\"\n";
		};
/* End PBXShellScriptBuildPhase section */

/* Begin PBXSourcesBuildPhase section */
		A1000008000000000000FT01 /* Sources */ = {
			isa = PBXSourcesBuildPhase;
			buildActionMask = 2147483647;
			files = (
				A1000001000000000000FT01 /* ProofTestSupport.swift in Sources */,
				A1000001000000000000FT02 /* EmbeddingProofTests.swift in Sources */,
				A1000001000000000000FT03 /* BridgeProofTests.swift in Sources */,
				A1000001000000000000FT04 /* SchemeProofTests.swift in Sources */,
			);
			runOnlyForDeploymentPostprocessing = 0;
		};
		A1000008000000000000F001 /* Sources */ = {
			isa = PBXSourcesBuildPhase;
			buildActionMask = 2147483647;
			files = (
				A1000001000000000000F001 /* AppDelegate.swift in Sources */,
				A1000001000000000000F002 /* WKWebViewShellController.swift in Sources */,
				A1000001000000000000F003 /* WKWebViewBackend.swift in Sources */,
				A1000001000000000000F006 /* ShellVerify.swift in Sources */,
			);
			runOnlyForDeploymentPostprocessing = 0;
		};
/* End PBXSourcesBuildPhase section */

/* Begin PBXTargetDependency section */
		A100000E000000000000FT01 /* PBXTargetDependency */ = {
			isa = PBXTargetDependency;
			target = A1000007000000000000F001 /* WezigShell */;
			targetProxy = A100000F000000000000FT01 /* PBXContainerItemProxy */;
		};
/* End PBXTargetDependency section */

/* Begin PBXContainerItemProxy section */
		A100000F000000000000FT01 /* PBXContainerItemProxy */ = {
			isa = PBXContainerItemProxy;
			containerPortal = A1000009000000000000F001 /* Project object */;
			proxyType = 1;
			remoteGlobalIDString = A1000007000000000000F001;
			remoteInfo = WezigShell;
		};
/* End PBXContainerItemProxy section */

/* Begin XCBuildConfiguration section */
		A100000C000000000000F001 /* Debug */ = {
			isa = XCBuildConfiguration;
			buildSettings = {
				ALWAYS_SEARCH_USER_PATHS = NO;
				CLANG_ENABLE_MODULES = YES;
				CLANG_ENABLE_OBJC_ARC = YES;
				CODE_SIGNING_ALLOWED = NO;
				CODE_SIGNING_REQUIRED = NO;
				CODE_SIGN_IDENTITY = "";
				COPY_PHASE_STRIP = NO;
				DEBUG_INFORMATION_FORMAT = dwarf;
				ENABLE_STRICT_OBJC_MSGSEND = YES;
				ENABLE_TESTABILITY = YES;
				GCC_NO_COMMON_BLOCKS = YES;
				GCC_OPTIMIZATION_LEVEL = 0;
				GCC_PREPROCESSOR_DEFINITIONS = (
					"DEBUG=1",
					"$(inherited)",
				);
				IPHONEOS_DEPLOYMENT_TARGET = 16.0;
				ONLY_ACTIVE_ARCH = YES;
				SDKROOT = iphoneos;
				SWIFT_ACTIVE_COMPILATION_CONDITIONS = DEBUG;
				SWIFT_OPTIMIZATION_LEVEL = "-Onone";
			};
			name = Debug;
		};
		A100000C000000000000F002 /* Release */ = {
			isa = XCBuildConfiguration;
			buildSettings = {
				ALWAYS_SEARCH_USER_PATHS = NO;
				CLANG_ENABLE_MODULES = YES;
				CLANG_ENABLE_OBJC_ARC = YES;
				CODE_SIGNING_ALLOWED = NO;
				CODE_SIGNING_REQUIRED = NO;
				CODE_SIGN_IDENTITY = "";
				COPY_PHASE_STRIP = NO;
				DEBUG_INFORMATION_FORMAT = "dwarf-with-dsym";
				ENABLE_STRICT_OBJC_MSGSEND = YES;
				GCC_NO_COMMON_BLOCKS = YES;
				IPHONEOS_DEPLOYMENT_TARGET = 16.0;
				SDKROOT = iphoneos;
				SWIFT_COMPILATION_MODE = wholemodule;
				SWIFT_OPTIMIZATION_LEVEL = "-O";
			};
			name = Release;
		};
		A100000D000000000000F001 /* Debug */ = {
			isa = XCBuildConfiguration;
			buildSettings = {
				ASSETCATALOG_COMPILER_APPICON_NAME = "";
				CODE_SIGNING_ALLOWED = NO;
				CODE_SIGN_IDENTITY = "";
				CURRENT_PROJECT_VERSION = 1;
				GENERATE_INFOPLIST_FILE = NO;
				INFOPLIST_FILE = Info.plist;
				LD_RUNPATH_SEARCH_PATHS = (
					"$(inherited)",
					"@executable_path/Frameworks",
				);
				MARKETING_VERSION = 0.0.0;
				OTHER_LDFLAGS = (
					"-force_load",
					"$(SRCROOT)/../../../zig-out/lib/libwezig_mobile.a",
					"-framework",
					UIKit,
					"-framework",
					WebKit,
				);
				PRODUCT_BUNDLE_IDENTIFIER = "dev.wighawag.wezig.shell";
				PRODUCT_NAME = WezigShell;
				SWIFT_OBJC_BRIDGING_HEADER = "$(SRCROOT)/../Sources/wezig_mobile.h";
				SWIFT_VERSION = 5.0;
				TARGETED_DEVICE_FAMILY = "1,2";
			};
			name = Debug;
		};
		A100000D000000000000F002 /* Release */ = {
			isa = XCBuildConfiguration;
			buildSettings = {
				ASSETCATALOG_COMPILER_APPICON_NAME = "";
				CODE_SIGNING_ALLOWED = NO;
				CODE_SIGN_IDENTITY = "";
				CURRENT_PROJECT_VERSION = 1;
				GENERATE_INFOPLIST_FILE = NO;
				INFOPLIST_FILE = Info.plist;
				LD_RUNPATH_SEARCH_PATHS = (
					"$(inherited)",
					"@executable_path/Frameworks",
				);
				MARKETING_VERSION = 0.0.0;
				OTHER_LDFLAGS = (
					"-force_load",
					"$(SRCROOT)/../../../zig-out/lib/libwezig_mobile.a",
					"-framework",
					UIKit,
					"-framework",
					WebKit,
				);
				PRODUCT_BUNDLE_IDENTIFIER = "dev.wighawag.wezig.shell";
				PRODUCT_NAME = WezigShell;
				SWIFT_OBJC_BRIDGING_HEADER = "$(SRCROOT)/../Sources/wezig_mobile.h";
				SWIFT_VERSION = 5.0;
				TARGETED_DEVICE_FAMILY = "1,2";
			};
			name = Release;
		};
		A100000D000000000000FT01 /* Debug */ = {
			isa = XCBuildConfiguration;
			buildSettings = {
				BUNDLE_LOADER = "$(TEST_HOST)";
				CODE_SIGNING_ALLOWED = NO;
				CODE_SIGN_IDENTITY = "";
				CURRENT_PROJECT_VERSION = 1;
				GENERATE_INFOPLIST_FILE = NO;
				INFOPLIST_FILE = Tests/Info.plist;
				IPHONEOS_DEPLOYMENT_TARGET = 16.0;
				LD_RUNPATH_SEARCH_PATHS = (
					"$(inherited)",
					"@executable_path/Frameworks",
					"@loader_path/Frameworks",
				);
				MARKETING_VERSION = 0.0.0;
				PRODUCT_BUNDLE_IDENTIFIER = "dev.wighawag.wezig.shell.tests";
				PRODUCT_NAME = "$(TARGET_NAME)";
				SWIFT_OBJC_BRIDGING_HEADER = "$(SRCROOT)/../Sources/wezig_mobile.h";
				SWIFT_VERSION = 5.0;
				TARGETED_DEVICE_FAMILY = "1,2";
				TEST_HOST = "$(BUILT_PRODUCTS_DIR)/WezigShell.app/$(BUNDLE_EXECUTABLE_FOLDER_PATH)/WezigShell";
			};
			name = Debug;
		};
		A100000D000000000000FT02 /* Release */ = {
			isa = XCBuildConfiguration;
			buildSettings = {
				BUNDLE_LOADER = "$(TEST_HOST)";
				CODE_SIGNING_ALLOWED = NO;
				CODE_SIGN_IDENTITY = "";
				CURRENT_PROJECT_VERSION = 1;
				GENERATE_INFOPLIST_FILE = NO;
				INFOPLIST_FILE = Tests/Info.plist;
				IPHONEOS_DEPLOYMENT_TARGET = 16.0;
				LD_RUNPATH_SEARCH_PATHS = (
					"$(inherited)",
					"@executable_path/Frameworks",
					"@loader_path/Frameworks",
				);
				MARKETING_VERSION = 0.0.0;
				PRODUCT_BUNDLE_IDENTIFIER = "dev.wighawag.wezig.shell.tests";
				PRODUCT_NAME = "$(TARGET_NAME)";
				SWIFT_OBJC_BRIDGING_HEADER = "$(SRCROOT)/../Sources/wezig_mobile.h";
				SWIFT_VERSION = 5.0;
				TARGETED_DEVICE_FAMILY = "1,2";
				TEST_HOST = "$(BUILT_PRODUCTS_DIR)/WezigShell.app/$(BUNDLE_EXECUTABLE_FOLDER_PATH)/WezigShell";
			};
			name = Release;
		};
/* End XCBuildConfiguration section */

/* Begin XCConfigurationList section */
		A100000A000000000000F001 /* Build configuration list for PBXNativeTarget "WezigShell" */ = {
			isa = XCConfigurationList;
			buildConfigurations = (
				A100000D000000000000F001 /* Debug */,
				A100000D000000000000F002 /* Release */,
			);
			defaultConfigurationIsVisible = 0;
			defaultConfigurationName = Release;
		};
		A100000A000000000000FT01 /* Build configuration list for PBXNativeTarget "WezigShellTests" */ = {
			isa = XCConfigurationList;
			buildConfigurations = (
				A100000D000000000000FT01 /* Debug */,
				A100000D000000000000FT02 /* Release */,
			);
			defaultConfigurationIsVisible = 0;
			defaultConfigurationName = Release;
		};
		A100000B000000000000F001 /* Build configuration list for PBXProject "WezigShell" */ = {
			isa = XCConfigurationList;
			buildConfigurations = (
				A100000C000000000000F001 /* Debug */,
				A100000C000000000000F002 /* Release */,
			);
			defaultConfigurationIsVisible = 0;
			defaultConfigurationName = Release;
		};
/* End XCConfigurationList section */
	};
	rootObject = A1000009000000000000F001 /* Project object */;
}
